<?xml version="1.0" encoding="utf-8"?>
<Project ToolsVersion="4.0" xmlns="http://schemas.microsoft.com/developer/msbuild/2003">
  <ItemGroup>
    <Filter Include="Source Files">
      <UniqueIdentifier>{4FC737F1-C7A5-4376-A066-2A32D752A2FF}</UniqueIdentifier>
      <Extensions>cpp;c;cc;cxx;def;odl;idl;hpj;bat;asm;asmx</Extensions>
    </Filter>
    <Filter Include="Header Files">
      <UniqueIdentifier>{93995380-89BD-4b04-88EB-625FBE52EBFB}</UniqueIdentifier>
      <Extensions>h;hh;hpp;hxx;hm;inl;inc;xsd</Extensions>
    </Filter>
    <Filter Include="Resource Files">
      <UniqueIdentifier>{67DA6AB6-F800-4c08-8B7A-83BB121AAD01}</UniqueIdentifier>
      <Extensions>rc;ico;cur;bmp;dlg;rc2;rct;bin;rgs;gif;jpg;jpeg;jpe;resx;tiff;tif;png;wav;mfcribbon-ms</Extensions>
    </Filter>
  </ItemGroup>
  <ItemGroup>
    <Text Include="ReadMe.txt" />
  </ItemGroup>
  <ItemGroup>
    <ClInclude Include="stdafx.h">
      <Filter>Header Files</Filter>
    </ClInclude>
    <ClInclude Include="targetver.h">
      <Filter>Header Files</Filter>
    </ClInclude>
    <ClInclude Include="UserClass.h">
      <Filter>Header Files</Filter>
    </ClInclude>
    <ClInclude Include="StatusClass.h">
      <Filter>Header Files</Filter>
    </ClInclude>
    <ClInclude Include="OrmasBL.h">
      <Filter>Header Files</Filter>
    </ClInclude>
    <ClInclude Include="RoleClass.h">
      <Filter>Header Files</Filter>
    </ClInclude>
    <ClInclude Include="ReturnClass.h">
      <Filter>Header Files</Filter>
    </ClInclude>
    <ClInclude Include="ProductClass.h">
      <Filter>Header Files</Filter>
    </ClInclude>
    <ClInclude Include="ProductTypeClass.h">
      <Filter>Header Files</Filter>
    </ClInclude>
    <ClInclude Include="ProductListClass.h">
      <Filter>Header Files</Filter>
    </ClInclude>
    <ClInclude Include="OrderClass.h">
      <Filter>Header Files</Filter>
    </ClInclude>
    <ClInclude Include="MeasureClass.h">
      <Filter>Header Files</Filter>
    </ClInclude>
    <ClInclude Include="CurrencyClass.h">
      <Filter>Header Files</Filter>
    </ClInclude>
    <ClInclude Include="CompanyClass.h">
      <Filter>Header Files</Filter>
    </ClInclude>
    <ClInclude Include="AllClassHeaders.h">
      <Filter>Header Files</Filter>
    </ClInclude>
    <ClInclude Include="OrderViewClass.h">
      <Filter>Header Files</Filter>
    </ClInclude>
    <ClInclude Include="ReturnViewClass.h">
      <Filter>Header Files</Filter>
    </ClInclude>
    <ClInclude Include="LocationClass.h">
      <Filter>Header Files</Filter>
    </ClInclude>
  </ItemGroup>
  <ItemGroup>
    <ClCompile Include="stdafx.cpp">
      <Filter>Source Files</Filter>
    </ClCompile>
    <ClCompile Include="OrmasBL.cpp">
      <Filter>Source Files</Filter>
    </ClCompile>
    <ClCompile Include="UserClass.cpp">
      <Filter>Source Files</Filter>
    </ClCompile>
    <ClCompile Include="StatusClass.cpp">
      <Filter>Source Files</Filter>
    </ClCompile>
    <ClCompile Include="RoleClass.cpp">
      <Filter>Source Files</Filter>
    </ClCompile>
    <ClCompile Include="ReturnClass.cpp">
      <Filter>Source Files</Filter>
    </ClCompile>
    <ClCompile Include="ProductClass.cpp">
      <Filter>Source Files</Filter>
    </ClCompile>
    <ClCompile Include="ProductTypeClass.cpp">
      <Filter>Source Files</Filter>
    </ClCompile>
    <ClCompile Include="ProductListClass.cpp">
      <Filter>Source Files</Filter>
    </ClCompile>
    <ClCompile Include="OrderClass.cpp">
      <Filter>Source Files</Filter>
    </ClCompile>
    <ClCompile Include="MeasureClass.cpp">
      <Filter>Source Files</Filter>
    </ClCompile>
    <ClCompile Include="CurrencyClass.cpp">
      <Filter>Source Files</Filter>
    </ClCompile>
    <ClCompile Include="CompanyClass.cpp">
      <Filter>Source Files</Filter>
    </ClCompile>
    <ClCompile Include="OrderViewClass.cpp">
      <Filter>Source Files</Filter>
    </ClCompile>
    <ClCompile Include="ReturnViewClass.cpp">
      <Filter>Source Files</Filter>
    </ClCompile>
    <ClCompile Include="LocationClass.cpp">
      <Filter>Source Files</Filter>
    </ClCompile>
  </ItemGroup>
</Project>