<?xml version="1.0" encoding="utf-8"?>
<Project ToolsVersion="4.0" xmlns="http://schemas.microsoft.com/developer/msbuild/2003">
  <ItemGroup>
    <Filter Include="Source Files">
      <UniqueIdentifier>{4FC737F1-C7A5-4376-A066-2A32D752A2FF}</UniqueIdentifier>
      <Extensions>cpp;c;cc;cxx;def;odl;idl;hpj;bat;asm;asmx</Extensions>
    </Filter>
    <Filter Include="Header Files">
      <UniqueIdentifier>{93995380-89BD-4b04-88EB-625FBE52EBFB}</UniqueIdentifier>
      <Extensions>h;hh;hpp;hxx;hm;inl;inc;xsd</Extensions>
    </Filter>
    <Filter Include="Resource Files">
      <UniqueIdentifier>{67DA6AB6-F800-4c08-8B7A-83BB121AAD01}</UniqueIdentifier>
      <Extensions>rc;ico;cur;bmp;dlg;rc2;rct;bin;rgs;gif;jpg;jpeg;jpe;resx;tiff;tif;png;wav;mfcribbon-ms</Extensions>
    </Filter>
  </ItemGroup>
  <ItemGroup>
    <Text Include="ReadMe.txt" />
  </ItemGroup>
  <ItemGroup>
    <ClInclude Include="stdafx.h">
      <Filter>Header Files</Filter>
    </ClInclude>
    <ClInclude Include="targetver.h">
      <Filter>Header Files</Filter>
    </ClInclude>
    <ClInclude Include="UserClass.h">
      <Filter>Header Files</Filter>
    </ClInclude>
    <ClInclude Include="StatusClass.h">
      <Filter>Header Files</Filter>
    </ClInclude>
    <ClInclude Include="OrmasBL.h">
      <Filter>Header Files</Filter>
    </ClInclude>
    <ClInclude Include="RoleClass.h">
      <Filter>Header Files</Filter>
    </ClInclude>
    <ClInclude Include="ReturnClass.h">
      <Filter>Header Files</Filter>
    </ClInclude>
    <ClInclude Include="ProductClass.h">
      <Filter>Header Files</Filter>
    </ClInclude>
    <ClInclude Include="ProductTypeClass.h">
      <Filter>Header Files</Filter>
    </ClInclude>
    <ClInclude Include="OrderClass.h">
      <Filter>Header Files</Filter>
    </ClInclude>
    <ClInclude Include="MeasureClass.h">
      <Filter>Header Files</Filter>
    </ClInclude>
    <ClInclude Include="CurrencyClass.h">
      <Filter>Header Files</Filter>
    </ClInclude>
    <ClInclude Include="CompanyClass.h">
      <Filter>Header Files</Filter>
    </ClInclude>
    <ClInclude Include="AllClassHeaders.h">
      <Filter>Header Files</Filter>
    </ClInclude>
    <ClInclude Include="OrderViewClass.h">
      <Filter>Header Files</Filter>
    </ClInclude>
    <ClInclude Include="ReturnViewClass.h">
      <Filter>Header Files</Filter>
    </ClInclude>
    <ClInclude Include="LocationClass.h">
      <Filter>Header Files</Filter>
    </ClInclude>
    <ClInclude Include="UserViewClass.h">
      <Filter>Header Files</Filter>
    </ClInclude>
    <ClInclude Include="ProductionClass.h">
      <Filter>Header Files</Filter>
    </ClInclude>
    <ClInclude Include="ProductViewClass.h">
      <Filter>Header Files</Filter>
    </ClInclude>
    <ClInclude Include="BalanceClass.h">
      <Filter>Header Files</Filter>
    </ClInclude>
    <ClInclude Include="BalanceViewClass.h">
      <Filter>Header Files</Filter>
    </ClInclude>
    <ClInclude Include="ClientClass.h">
      <Filter>Header Files</Filter>
    </ClInclude>
    <ClInclude Include="AccessClass.h">
      <Filter>Header Files</Filter>
    </ClInclude>
    <ClInclude Include="AccessItemClass.h">
      <Filter>Header Files</Filter>
    </ClInclude>
    <ClInclude Include="EmployeeClass.h">
      <Filter>Header Files</Filter>
    </ClInclude>
    <ClInclude Include="ClientViewClass.h">
      <Filter>Header Files</Filter>
    </ClInclude>
    <ClInclude Include="EmployeeViewClass.h">
      <Filter>Header Files</Filter>
    </ClInclude>
    <ClInclude Include="OrderListClass.h">
      <Filter>Header Files</Filter>
    </ClInclude>
    <ClInclude Include="OrderListViewClass.h">
      <Filter>Header Files</Filter>
    </ClInclude>
    <ClInclude Include="PaymentClass.h">
      <Filter>Header Files</Filter>
    </ClInclude>
    <ClInclude Include="PaymentViewClass.h">
      <Filter>Header Files</Filter>
    </ClInclude>
    <ClInclude Include="PhotoClass.h">
      <Filter>Header Files</Filter>
    </ClInclude>
    <ClInclude Include="PositionClass.h">
      <Filter>Header Files</Filter>
    </ClInclude>
    <ClInclude Include="PriceClass.h">
      <Filter>Header Files</Filter>
    </ClInclude>
    <ClInclude Include="PriceViewClass.h">
      <Filter>Header Files</Filter>
    </ClInclude>
    <ClInclude Include="ProductionListClass.h">
      <Filter>Header Files</Filter>
    </ClInclude>
    <ClInclude Include="ProductionListViewClass.h">
      <Filter>Header Files</Filter>
    </ClInclude>
    <ClInclude Include="RelationTypeClass.h">
      <Filter>Header Files</Filter>
    </ClInclude>
    <ClInclude Include="RelationClass.h">
      <Filter>Header Files</Filter>
    </ClInclude>
    <ClInclude Include="ReturnListClass.h">
      <Filter>Header Files</Filter>
    </ClInclude>
    <ClInclude Include="ReturnListViewClass.h">
      <Filter>Header Files</Filter>
    </ClInclude>
    <ClInclude Include="SalaryClass.h">
      <Filter>Header Files</Filter>
    </ClInclude>
    <ClInclude Include="SalaryViewClass.h">
      <Filter>Header Files</Filter>
    </ClInclude>
    <ClInclude Include="SalaryTypeClass.h">
      <Filter>Header Files</Filter>
    </ClInclude>
    <ClInclude Include="WriteOffClass.h">
      <Filter>Header Files</Filter>
    </ClInclude>
    <ClInclude Include="WriteOffViewClass.h">
      <Filter>Header Files</Filter>
    </ClInclude>
    <ClInclude Include="WriteOffListClass.h">
      <Filter>Header Files</Filter>
    </ClInclude>
    <ClInclude Include="WriteOffListViewClass.h">
      <Filter>Header Files</Filter>
    </ClInclude>
    <ClInclude Include="WithdrawalClass.h">
      <Filter>Header Files</Filter>
    </ClInclude>
    <ClInclude Include="WithdrawalViewClass.h">
      <Filter>Header Files</Filter>
    </ClInclude>
    <ClInclude Include="PayslipClass.h">
      <Filter>Header Files</Filter>
    </ClInclude>
    <ClInclude Include="RefundClass.h">
      <Filter>Header Files</Filter>
    </ClInclude>
    <ClInclude Include="PayslipViewClass.h">
      <Filter>Header Files</Filter>
    </ClInclude>
    <ClInclude Include="RefundViewClass.h">
      <Filter>Header Files</Filter>
    </ClInclude>
    <ClInclude Include="BalancePaymentRelationClass.h">
      <Filter>Header Files</Filter>
    </ClInclude>
    <ClInclude Include="BalancePayslipRelationClass.h">
      <Filter>Header Files</Filter>
    </ClInclude>
    <ClInclude Include="BalanceRefundRelationClass.h">
      <Filter>Header Files</Filter>
    </ClInclude>
    <ClInclude Include="BalanceWithdrawalRelationClass.h">
      <Filter>Header Files</Filter>
    </ClInclude>
    <ClInclude Include="PayslipOrderRelationClass.h">
      <Filter>Header Files</Filter>
    </ClInclude>
  </ItemGroup>
  <ItemGroup>
    <ClCompile Include="stdafx.cpp">
      <Filter>Source Files</Filter>
    </ClCompile>
    <ClCompile Include="OrmasBL.cpp">
      <Filter>Source Files</Filter>
    </ClCompile>
    <ClCompile Include="UserClass.cpp">
      <Filter>Source Files</Filter>
    </ClCompile>
    <ClCompile Include="StatusClass.cpp">
      <Filter>Source Files</Filter>
    </ClCompile>
    <ClCompile Include="RoleClass.cpp">
      <Filter>Source Files</Filter>
    </ClCompile>
    <ClCompile Include="ReturnClass.cpp">
      <Filter>Source Files</Filter>
    </ClCompile>
    <ClCompile Include="ProductClass.cpp">
      <Filter>Source Files</Filter>
    </ClCompile>
    <ClCompile Include="ProductTypeClass.cpp">
      <Filter>Source Files</Filter>
    </ClCompile>
    <ClCompile Include="OrderClass.cpp">
      <Filter>Source Files</Filter>
    </ClCompile>
    <ClCompile Include="MeasureClass.cpp">
      <Filter>Source Files</Filter>
    </ClCompile>
    <ClCompile Include="CurrencyClass.cpp">
      <Filter>Source Files</Filter>
    </ClCompile>
    <ClCompile Include="CompanyClass.cpp">
      <Filter>Source Files</Filter>
    </ClCompile>
    <ClCompile Include="OrderViewClass.cpp">
      <Filter>Source Files</Filter>
    </ClCompile>
    <ClCompile Include="ReturnViewClass.cpp">
      <Filter>Source Files</Filter>
    </ClCompile>
    <ClCompile Include="LocationClass.cpp">
      <Filter>Source Files</Filter>
    </ClCompile>
    <ClCompile Include="UserViewClass.cpp">
      <Filter>Source Files</Filter>
    </ClCompile>
    <ClCompile Include="ProductionClass.cpp">
      <Filter>Source Files</Filter>
    </ClCompile>
    <ClCompile Include="ProductViewClass.cpp">
      <Filter>Source Files</Filter>
    </ClCompile>
    <ClCompile Include="BalanceClass.cpp">
      <Filter>Source Files</Filter>
    </ClCompile>
    <ClCompile Include="BalanceViewClass.cpp">
      <Filter>Source Files</Filter>
    </ClCompile>
    <ClCompile Include="ClientClass.cpp">
      <Filter>Source Files</Filter>
    </ClCompile>
    <ClCompile Include="AccessClass.cpp">
      <Filter>Source Files</Filter>
    </ClCompile>
    <ClCompile Include="AccessItemClass.cpp">
      <Filter>Source Files</Filter>
    </ClCompile>
    <ClCompile Include="EmployeeClass.cpp">
      <Filter>Source Files</Filter>
    </ClCompile>
    <ClCompile Include="ClientViewClass.cpp">
      <Filter>Source Files</Filter>
    </ClCompile>
    <ClCompile Include="EmployeeViewClass.cpp">
      <Filter>Source Files</Filter>
    </ClCompile>
    <ClCompile Include="OrderListClass.cpp">
      <Filter>Source Files</Filter>
    </ClCompile>
    <ClCompile Include="OrderListViewClass.cpp">
      <Filter>Source Files</Filter>
    </ClCompile>
    <ClCompile Include="PaymentClass.cpp">
      <Filter>Source Files</Filter>
    </ClCompile>
    <ClCompile Include="PaymentViewClass.cpp">
      <Filter>Source Files</Filter>
    </ClCompile>
    <ClCompile Include="PhotoClass.cpp">
      <Filter>Source Files</Filter>
    </ClCompile>
    <ClCompile Include="PositionClass.cpp">
      <Filter>Source Files</Filter>
    </ClCompile>
    <ClCompile Include="PriceClass.cpp">
      <Filter>Source Files</Filter>
    </ClCompile>
    <ClCompile Include="PriceViewClass.cpp">
      <Filter>Source Files</Filter>
    </ClCompile>
    <ClCompile Include="ProductionListClass.cpp">
      <Filter>Source Files</Filter>
    </ClCompile>
    <ClCompile Include="ProductionListViewClass.cpp">
      <Filter>Source Files</Filter>
    </ClCompile>
    <ClCompile Include="RelationTypeClass.cpp">
      <Filter>Source Files</Filter>
    </ClCompile>
    <ClCompile Include="RelationClass.cpp">
      <Filter>Source Files</Filter>
    </ClCompile>
    <ClCompile Include="ReturnListClass.cpp">
      <Filter>Source Files</Filter>
    </ClCompile>
    <ClCompile Include="ReturnListViewClass.cpp">
      <Filter>Source Files</Filter>
    </ClCompile>
    <ClCompile Include="SalaryClass.cpp">
      <Filter>Source Files</Filter>
    </ClCompile>
    <ClCompile Include="SalaryViewClass.cpp">
      <Filter>Source Files</Filter>
    </ClCompile>
    <ClCompile Include="SalaryTypeClass.cpp">
      <Filter>Source Files</Filter>
    </ClCompile>
    <ClCompile Include="WriteOffClass.cpp">
      <Filter>Source Files</Filter>
    </ClCompile>
    <ClCompile Include="WriteOffViewClass.cpp">
      <Filter>Source Files</Filter>
    </ClCompile>
    <ClCompile Include="WriteOffListClass.cpp">
      <Filter>Source Files</Filter>
    </ClCompile>
    <ClCompile Include="WriteOffListViewClass.cpp">
      <Filter>Source Files</Filter>
    </ClCompile>
    <ClCompile Include="WithdrawalClass.cpp">
      <Filter>Source Files</Filter>
    </ClCompile>
    <ClCompile Include="WithdrawalViewClass.cpp">
      <Filter>Source Files</Filter>
    </ClCompile>
    <ClCompile Include="Payslip.cpp">
      <Filter>Source Files</Filter>
    </ClCompile>
    <ClCompile Include="RefundClass.cpp">
      <Filter>Source Files</Filter>
    </ClCompile>
    <ClCompile Include="PayslipViewClass.cpp">
      <Filter>Source Files</Filter>
    </ClCompile>
    <ClCompile Include="RefundViewClass.cpp">
      <Filter>Source Files</Filter>
    </ClCompile>
    <ClCompile Include="BalancePayslipRelationClass.cpp">
      <Filter>Source Files</Filter>
    </ClCompile>
    <ClCompile Include="BalanceRefundRelationClass.cpp">
      <Filter>Source Files</Filter>
    </ClCompile>
    <ClCompile Include="BalanceWithdrawalRelationClass.cpp">
      <Filter>Source Files</Filter>
    </ClCompile>
    <ClCompile Include="BalancePaymentRelationClass.cpp">
      <Filter>Source Files</Filter>
    </ClCompile>
    <ClCompile Include="PayslipOrderRelationClass.cpp">
      <Filter>Source Files</Filter>
    </ClCompile>
  </ItemGroup>
</Project>