<?xml version="1.0" encoding="utf-8"?>
<Project ToolsVersion="4.0" xmlns="http://schemas.microsoft.com/developer/msbuild/2003">
  <ItemGroup>
    <Filter Include="Source Files">
      <UniqueIdentifier>{4FC737F1-C7A5-4376-A066-2A32D752A2FF}</UniqueIdentifier>
      <Extensions>cpp;c;cc;cxx;def;odl;idl;hpj;bat;asm;asmx</Extensions>
    </Filter>
    <Filter Include="Header Files">
      <UniqueIdentifier>{93995380-89BD-4b04-88EB-625FBE52EBFB}</UniqueIdentifier>
      <Extensions>h;hh;hpp;hxx;hm;inl;inc;xsd</Extensions>
    </Filter>
    <Filter Include="Resource Files">
      <UniqueIdentifier>{67DA6AB6-F800-4c08-8B7A-83BB121AAD01}</UniqueIdentifier>
      <Extensions>rc;ico;cur;bmp;dlg;rc2;rct;bin;rgs;gif;jpg;jpeg;jpe;resx;tiff;tif;png;wav;mfcribbon-ms</Extensions>
    </Filter>
    <Filter Include="User Interface">
      <UniqueIdentifier>{d1f9f9f2-ce68-4a39-8402-571d022080f7}</UniqueIdentifier>
    </Filter>
    <Filter Include="Header Files\UI Headers">
      <UniqueIdentifier>{b22977f3-c5e9-48ff-9dca-0110dc1b6dbf}</UniqueIdentifier>
    </Filter>
    <Filter Include="MOC Files">
      <UniqueIdentifier>{67338fcf-eaff-4dc7-8f06-3bd76c38e0dc}</UniqueIdentifier>
    </Filter>
  </ItemGroup>
  <ItemGroup>
    <Text Include="ReadMe.txt" />
  </ItemGroup>
  <ItemGroup>
    <ClInclude Include="stdafx.h">
      <Filter>Header Files</Filter>
    </ClInclude>
    <ClInclude Include="targetver.h">
      <Filter>Header Files</Filter>
    </ClInclude>
    <ClInclude Include="ui_DataForm.h">
      <Filter>Header Files\UI Headers</Filter>
    </ClInclude>
    <ClInclude Include="ui_MainForm.h">
      <Filter>Header Files\UI Headers</Filter>
    </ClInclude>
    <ClInclude Include="ui_LoginForm.h">
      <Filter>Header Files\UI Headers</Filter>
    </ClInclude>
    <ClInclude Include="Extra Functions.h">
      <Filter>Header Files</Filter>
    </ClInclude>
    <ClInclude Include="ui_CreateCmpDlg.h">
      <Filter>Header Files\UI Headers</Filter>
    </ClInclude>
    <ClInclude Include="ui_CreateCurDlg.h">
      <Filter>Header Files\UI Headers</Filter>
    </ClInclude>
    <ClInclude Include="ui_CreateMsrDlg.h">
      <Filter>Header Files\UI Headers</Filter>
    </ClInclude>
    <ClInclude Include="ui_CreatePrdTpDlg.h">
      <Filter>Header Files\UI Headers</Filter>
    </ClInclude>
    <ClInclude Include="ui_CreateRgnDlg.h">
      <Filter>Header Files\UI Headers</Filter>
    </ClInclude>
    <ClInclude Include="ui_CreateRoleDlg.h">
      <Filter>Header Files\UI Headers</Filter>
    </ClInclude>
    <ClInclude Include="ui_CreateStsDlg.h">
      <Filter>Header Files\UI Headers</Filter>
    </ClInclude>
    <ClInclude Include="AllDlgHeaders.h">
      <Filter>Header Files</Filter>
    </ClInclude>
  </ItemGroup>
  <ItemGroup>
    <ClCompile Include="stdafx.cpp">
      <Filter>Source Files</Filter>
    </ClCompile>
    <ClCompile Include="OrmasAdmin.cpp">
      <Filter>Source Files</Filter>
    </ClCompile>
    <ClCompile Include="MainForm.cpp">
      <Filter>Source Files</Filter>
    </ClCompile>
    <ClCompile Include="moc_DataForm.cpp">
      <Filter>MOC Files</Filter>
    </ClCompile>
    <ClCompile Include="moc_LoginForm.cpp">
      <Filter>MOC Files</Filter>
    </ClCompile>
    <ClCompile Include="moc_MainForm.cpp">
      <Filter>MOC Files</Filter>
    </ClCompile>
    <ClCompile Include="DataForm.cpp">
      <Filter>Source Files</Filter>
    </ClCompile>
    <ClCompile Include="CreateCmpDlg.cpp">
      <Filter>Source Files</Filter>
    </ClCompile>
    <ClCompile Include="LoginForm.cpp">
      <Filter>Source Files</Filter>
    </ClCompile>
    <ClCompile Include="CreateCurDlg.cpp">
      <Filter>Source Files</Filter>
    </ClCompile>
    <ClCompile Include="CreateMsrDlg.cpp">
      <Filter>Source Files</Filter>
    </ClCompile>
    <ClCompile Include="CreatePrdTpDlg.cpp">
      <Filter>Source Files</Filter>
    </ClCompile>
    <ClCompile Include="CreateRgnDlg.cpp">
      <Filter>Source Files</Filter>
    </ClCompile>
    <ClCompile Include="CreateRoleDlg.cpp">
      <Filter>Source Files</Filter>
    </ClCompile>
    <ClCompile Include="CreateStsDlg.cpp">
      <Filter>Source Files</Filter>
    </ClCompile>
    <ClCompile Include="moc_CreateCurDlg.cpp">
      <Filter>MOC Files</Filter>
    </ClCompile>
    <ClCompile Include="moc_CreateMsrDlg.cpp">
      <Filter>MOC Files</Filter>
    </ClCompile>
    <ClCompile Include="moc_CreatePrdTpDlg.cpp">
      <Filter>MOC Files</Filter>
    </ClCompile>
    <ClCompile Include="moc_CreateRgnDlg.cpp">
      <Filter>MOC Files</Filter>
    </ClCompile>
    <ClCompile Include="moc_CreateRoleDlg.cpp">
      <Filter>MOC Files</Filter>
    </ClCompile>
    <ClCompile Include="moc_CreateStsDlg.cpp">
      <Filter>MOC Files</Filter>
    </ClCompile>
    <ClCompile Include="moc_CreateCmpDlg.cpp">
      <Filter>MOC Files</Filter>
    </ClCompile>
  </ItemGroup>
  <ItemGroup>
    <CustomBuild Include="MainForm.ui">
      <Filter>User Interface</Filter>
    </CustomBuild>
    <CustomBuild Include="LoginForm.ui">
      <Filter>User Interface</Filter>
    </CustomBuild>
    <CustomBuild Include="DataForm.ui">
      <Filter>User Interface</Filter>
    </CustomBuild>
    <CustomBuild Include="MainForm.h">
      <Filter>Header Files</Filter>
    </CustomBuild>
    <CustomBuild Include="LoginForm.h">
      <Filter>Header Files</Filter>
    </CustomBuild>
    <CustomBuild Include="DataForm.h">
      <Filter>Header Files</Filter>
    </CustomBuild>
    <CustomBuild Include="CreateCmpDlg.ui">
      <Filter>User Interface</Filter>
    </CustomBuild>
    <CustomBuild Include="CreateCmpDlg.h">
      <Filter>Header Files</Filter>
    </CustomBuild>
    <CustomBuild Include="CreateCurDlg.ui">
      <Filter>User Interface</Filter>
    </CustomBuild>
    <CustomBuild Include="CreateMsrDlg.ui">
      <Filter>User Interface</Filter>
    </CustomBuild>
    <CustomBuild Include="CreatePrdTpDlg.ui">
      <Filter>User Interface</Filter>
    </CustomBuild>
    <CustomBuild Include="CreateRgnDlg.ui">
      <Filter>User Interface</Filter>
    </CustomBuild>
    <CustomBuild Include="CreateRoleDlg.ui">
      <Filter>User Interface</Filter>
    </CustomBuild>
    <CustomBuild Include="CreateStsDlg.ui">
      <Filter>User Interface</Filter>
    </CustomBuild>
    <CustomBuild Include="CreateCurDlg.h">
      <Filter>Header Files</Filter>
    </CustomBuild>
    <CustomBuild Include="CreateMsrDlg.h">
      <Filter>Header Files</Filter>
    </CustomBuild>
    <CustomBuild Include="CreatePrdTpDlg.h">
      <Filter>Header Files</Filter>
    </CustomBuild>
    <CustomBuild Include="CreateRgnDlg.h">
      <Filter>Header Files</Filter>
    </CustomBuild>
    <CustomBuild Include="CreateRoleDlg.h">
      <Filter>Header Files</Filter>
    </CustomBuild>
    <CustomBuild Include="CreateStsDlg.h">
      <Filter>Header Files</Filter>
    </CustomBuild>
  </ItemGroup>
</Project>